
Microsoft Visual Studio Solution File, Format Version 12.00
# Visual Studio Version 17
VisualStudioVersion = 17.3.32929.385
MinimumVisualStudioVersion = 10.0.40219.1
Project("{FAE04EC0-301F-11D3-BF4B-00C04F79EFBC}") = "CodeReview.AppMvc", "src\CodeReview.AppMvc\CodeReview.AppMvc.csproj", "{230EEAAA-0BB8-4B02-A1CE-2895919D16F1}"
EndProject
Project("{FAE04EC0-301F-11D3-BF4B-00C04F79EFBC}") = "CodeReview.Business", "src\CodeReview.Business\CodeReview.Business.csproj", "{5A02825A-042E-43C0-9E63-39A58FD107BD}"
EndProject
Project("{FAE04EC0-301F-11D3-BF4B-00C04F79EFBC}") = "CodeReview.Infra", "src\CodeReview.Infra\CodeReview.Infra.csproj", "{8447C11C-5F62-4CC7-93B4-FB9AD844E501}"
EndProject
Global
	GlobalSection(SolutionConfigurationPlatforms) = preSolution
		Debug|Any CPU = Debug|Any CPU
		Release|Any CPU = Release|Any CPU
	EndGlobalSection
	GlobalSection(ProjectConfigurationPlatforms) = postSolution
		{230EEAAA-0BB8-4B02-A1CE-2895919D16F1}.Debug|Any CPU.ActiveCfg = Debug|Any CPU
		{230EEAAA-0BB8-4B02-A1CE-2895919D16F1}.Debug|Any CPU.Build.0 = Debug|Any CPU
		{230EEAAA-0BB8-4B02-A1CE-2895919D16F1}.Release|Any CPU.ActiveCfg = Release|Any CPU
		{230EEAAA-0BB8-4B02-A1CE-2895919D16F1}.Release|Any CPU.Build.0 = Release|Any CPU
		{5A02825A-042E-43C0-9E63-39A58FD107BD}.Debug|Any CPU.ActiveCfg = Debug|Any CPU
		{5A02825A-042E-43C0-9E63-39A58FD107BD}.Debug|Any CPU.Build.0 = Debug|Any CPU
		{5A02825A-042E-43C0-9E63-39A58FD107BD}.Release|Any CPU.ActiveCfg = Release|Any CPU
		{5A02825A-042E-43C0-9E63-39A58FD107BD}.Release|Any CPU.Build.0 = Release|Any CPU
		{8447C11C-5F62-4CC7-93B4-FB9AD844E501}.Debug|Any CPU.ActiveCfg = Debug|Any CPU
		{8447C11C-5F62-4CC7-93B4-FB9AD844E501}.Debug|Any CPU.Build.0 = Debug|Any CPU
		{8447C11C-5F62-4CC7-93B4-FB9AD844E501}.Release|Any CPU.ActiveCfg = Release|Any CPU
		{8447C11C-5F62-4CC7-93B4-FB9AD844E501}.Release|Any CPU.Build.0 = Release|Any CPU
	EndGlobalSection
	GlobalSection(SolutionProperties) = preSolution
		HideSolutionNode = FALSE
	EndGlobalSection
	GlobalSection(ExtensibilityGlobals) = postSolution
		SolutionGuid = {9E9AD40C-6868-4906-AF57-2A94C9E21CAD}
	EndGlobalSection
EndGlobal
